// !$*UTF8*$!
{
	archiveVersion = 1;
	classes = {
	};
	objectVersion = 56;
	objects = {

/* Begin PBXBuildFile section */
		D0C66F852C634A160074D924 /* interactive_chartsApp.swift in Sources */ = {isa = PBXBuildFile; fileRef = D0C66F842C634A160074D924 /* interactive_chartsApp.swift */; };
		D0C66F872C634A160074D924 /* ContentView.swift in Sources */ = {isa = PBXBuildFile; fileRef = D0C66F862C634A160074D924 /* ContentView.swift */; };
		D0C66F892C634A180074D924 /* Assets.xcassets in Resources */ = {isa = PBXBuildFile; fileRef = D0C66F882C634A180074D924 /* Assets.xcassets */; };
		D0C66F8D2C634A180074D924 /* Preview Assets.xcassets in Resources */ = {isa = PBXBuildFile; fileRef = D0C66F8C2C634A180074D924 /* Preview Assets.xcassets */; };
		D0C66F972C634A180074D924 /* interactive_chartsTests.swift in Sources */ = {isa = PBXBuildFile; fileRef = D0C66F962C634A180074D924 /* interactive_chartsTests.swift */; };
		D0C66FA12C634A180074D924 /* interactive_chartsUITests.swift in Sources */ = {isa = PBXBuildFile; fileRef = D0C66FA02C634A180074D924 /* interactive_chartsUITests.swift */; };
		D0C66FA32C634A180074D924 /* interactive_chartsUITestsLaunchTests.swift in Sources */ = {isa = PBXBuildFile; fileRef = D0C66FA22C634A180074D924 /* interactive_chartsUITestsLaunchTests.swift */; };
/* End PBXBuildFile section */

/* Begin PBXContainerItemProxy section */
		D0C66F932C634A180074D924 /* PBXContainerItemProxy */ = {
			isa = PBXContainerItemProxy;
			containerPortal = D0C66F792C634A160074D924 /* Project object */;
			proxyType = 1;
			remoteGlobalIDString = D0C66F802C634A160074D924;
			remoteInfo = "interactive-charts";
		};
		D0C66F9D2C634A180074D924 /* PBXContainerItemProxy */ = {
			isa = PBXContainerItemProxy;
			containerPortal = D0C66F792C634A160074D924 /* Project object */;
			proxyType = 1;
			remoteGlobalIDString = D0C66F802C634A160074D924;
			remoteInfo = "interactive-charts";
		};
/* End PBXContainerItemProxy section */

/* Begin PBXFileReference section */
		D0C66F812C634A160074D924 /* interactive-charts.app */ = {isa = PBXFileReference; explicitFileType = wrapper.application; includeInIndex = 0; path = "interactive-charts.app"; sourceTree = BUILT_PRODUCTS_DIR; };
		D0C66F842C634A160074D924 /* interactive_chartsApp.swift */ = {isa = PBXFileReference; lastKnownFileType = sourcecode.swift; path = interactive_chartsApp.swift; sourceTree = "<group>"; };
		D0C66F862C634A160074D924 /* ContentView.swift */ = {isa = PBXFileReference; lastKnownFileType = sourcecode.swift; path = ContentView.swift; sourceTree = "<group>"; };
		D0C66F882C634A180074D924 /* Assets.xcassets */ = {isa = PBXFileReference; lastKnownFileType = folder.assetcatalog; path = Assets.xcassets; sourceTree = "<group>"; };
		D0C66F8A2C634A180074D924 /* interactive_charts.entitlements */ = {isa = PBXFileReference; lastKnownFileType = text.plist.entitlements; path = interactive_charts.entitlements; sourceTree = "<group>"; };
		D0C66F8C2C634A180074D924 /* Preview Assets.xcassets */ = {isa = PBXFileReference; lastKnownFileType = folder.assetcatalog; path = "Preview Assets.xcassets"; sourceTree = "<group>"; };
		D0C66F922C634A180074D924 /* interactive-chartsTests.xctest */ = {isa = PBXFileReference; explicitFileType = wrapper.cfbundle; includeInIndex = 0; path = "interactive-chartsTests.xctest"; sourceTree = BUILT_PRODUCTS_DIR; };
		D0C66F962C634A180074D924 /* interactive_chartsTests.swift */ = {isa = PBXFileReference; lastKnownFileType = sourcecode.swift; path = interactive_chartsTests.swift; sourceTree = "<group>"; };
		D0C66F9C2C634A180074D924 /* interactive-chartsUITests.xctest */ = {isa = PBXFileReference; explicitFileType = wrapper.cfbundle; includeInIndex = 0; path = "interactive-chartsUITests.xctest"; sourceTree = BUILT_PRODUCTS_DIR; };
		D0C66FA02C634A180074D924 /* interactive_chartsUITests.swift */ = {isa = PBXFileReference; lastKnownFileType = sourcecode.swift; path = interactive_chartsUITests.swift; sourceTree = "<group>"; };
		D0C66FA22C634A180074D924 /* interactive_chartsUITestsLaunchTests.swift */ = {isa = PBXFileReference; lastKnownFileType = sourcecode.swift; path = interactive_chartsUITestsLaunchTests.swift; sourceTree = "<group>"; };
/* End PBXFileReference section */

/* Begin PBXFrameworksBuildPhase section */
		D0C66F7E2C634A160074D924 /* Frameworks */ = {
			isa = PBXFrameworksBuildPhase;
			buildActionMask = 2147483647;
			files = (
			);
			runOnlyForDeploymentPostprocessing = 0;
		};
		D0C66F8F2C634A180074D924 /* Frameworks */ = {
			isa = PBXFrameworksBuildPhase;
			buildActionMask = 2147483647;
			files = (
			);
			runOnlyForDeploymentPostprocessing = 0;
		};
		D0C66F992C634A180074D924 /* Frameworks */ = {
			isa = PBXFrameworksBuildPhase;
			buildActionMask = 2147483647;
			files = (
			);
			runOnlyForDeploymentPostprocessing = 0;
		};
/* End PBXFrameworksBuildPhase section */

/* Begin PBXGroup section */
		D0C66F782C634A160074D924 = {
			isa = PBXGroup;
			children = (
				D0C66F832C634A160074D924 /* interactive-charts */,
				D0C66F952C634A180074D924 /* interactive-chartsTests */,
				D0C66F9F2C634A180074D924 /* interactive-chartsUITests */,
				D0C66F822C634A160074D924 /* Products */,
			);
			sourceTree = "<group>";
		};
		D0C66F822C634A160074D924 /* Products */ = {
			isa = PBXGroup;
			children = (
				D0C66F812C634A160074D924 /* interactive-charts.app */,
				D0C66F922C634A180074D924 /* interactive-chartsTests.xctest */,
				D0C66F9C2C634A180074D924 /* interactive-chartsUITests.xctest */,
			);
			name = Products;
			sourceTree = "<group>";
		};
		D0C66F832C634A160074D924 /* interactive-charts */ = {
			isa = PBXGroup;
			children = (
				D0C66F842C634A160074D924 /* interactive_chartsApp.swift */,
				D0C66F862C634A160074D924 /* ContentView.swift */,
				D0C66F882C634A180074D924 /* Assets.xcassets */,
				D0C66F8A2C634A180074D924 /* interactive_charts.entitlements */,
				D0C66F8B2C634A180074D924 /* Preview Content */,
			);
			path = "interactive-charts";
			sourceTree = "<group>";
		};
		D0C66F8B2C634A180074D924 /* Preview Content */ = {
			isa = PBXGroup;
			children = (
				D0C66F8C2C634A180074D924 /* Preview Assets.xcassets */,
			);
			path = "Preview Content";
			sourceTree = "<group>";
		};
		D0C66F952C634A180074D924 /* interactive-chartsTests */ = {
			isa = PBXGroup;
			children = (
				D0C66F962C634A180074D924 /* interactive_chartsTests.swift */,
			);
			path = "interactive-chartsTests";
			sourceTree = "<group>";
		};
		D0C66F9F2C634A180074D924 /* interactive-chartsUITests */ = {
			isa = PBXGroup;
			children = (
				D0C66FA02C634A180074D924 /* interactive_chartsUITests.swift */,
				D0C66FA22C634A180074D924 /* interactive_chartsUITestsLaunchTests.swift */,
			);
			path = "interactive-chartsUITests";
			sourceTree = "<group>";
		};
/* End PBXGroup section */

/* Begin PBXNativeTarget section */
		D0C66F802C634A160074D924 /* interactive-charts */ = {
			isa = PBXNativeTarget;
			buildConfigurationList = D0C66FA62C634A180074D924 /* Build configuration list for PBXNativeTarget "interactive-charts" */;
			buildPhases = (
				D0C66F7D2C634A160074D924 /* Sources */,
				D0C66F7E2C634A160074D924 /* Frameworks */,
				D0C66F7F2C634A160074D924 /* Resources */,
			);
			buildRules = (
			);
			dependencies = (
			);
			name = "interactive-charts";
			productName = "interactive-charts";
			productReference = D0C66F812C634A160074D924 /* interactive-charts.app */;
			productType = "com.apple.product-type.application";
		};
		D0C66F912C634A180074D924 /* interactive-chartsTests */ = {
			isa = PBXNativeTarget;
			buildConfigurationList = D0C66FA92C634A180074D924 /* Build configuration list for PBXNativeTarget "interactive-chartsTests" */;
			buildPhases = (
				D0C66F8E2C634A180074D924 /* Sources */,
				D0C66F8F2C634A180074D924 /* Frameworks */,
				D0C66F902C634A180074D924 /* Resources */,
			);
			buildRules = (
			);
			dependencies = (
				D0C66F942C634A180074D924 /* PBXTargetDependency */,
			);
			name = "interactive-chartsTests";
			productName = "interactive-chartsTests";
			productReference = D0C66F922C634A180074D924 /* interactive-chartsTests.xctest */;
			productType = "com.apple.product-type.bundle.unit-test";
		};
		D0C66F9B2C634A180074D924 /* interactive-chartsUITests */ = {
			isa = PBXNativeTarget;
			buildConfigurationList = D0C66FAC2C634A180074D924 /* Build configuration list for PBXNativeTarget "interactive-chartsUITests" */;
			buildPhases = (
				D0C66F982C634A180074D924 /* Sources */,
				D0C66F992C634A180074D924 /* Frameworks */,
				D0C66F9A2C634A180074D924 /* Resources */,
			);
			buildRules = (
			);
			dependencies = (
				D0C66F9E2C634A180074D924 /* PBXTargetDependency */,
			);
			name = "interactive-chartsUITests";
			productName = "interactive-chartsUITests";
			productReference = D0C66F9C2C634A180074D924 /* interactive-chartsUITests.xctest */;
			productType = "com.apple.product-type.bundle.ui-testing";
		};
/* End PBXNativeTarget section */

/* Begin PBXProject section */
		D0C66F792C634A160074D924 /* Project object */ = {
			isa = PBXProject;
			attributes = {
				BuildIndependentTargetsInParallel = 1;
				LastSwiftUpdateCheck = 1540;
				LastUpgradeCheck = 1540;
				TargetAttributes = {
					D0C66F802C634A160074D924 = {
						CreatedOnToolsVersion = 15.4;
					};
					D0C66F912C634A180074D924 = {
						CreatedOnToolsVersion = 15.4;
						TestTargetID = D0C66F802C634A160074D924;
					};
					D0C66F9B2C634A180074D924 = {
						CreatedOnToolsVersion = 15.4;
						TestTargetID = D0C66F802C634A160074D924;
					};
				};
			};
			buildConfigurationList = D0C66F7C2C634A160074D924 /* Build configuration list for PBXProject "interactive-charts" */;
			compatibilityVersion = "Xcode 14.0";
			developmentRegion = en;
			hasScannedForEncodings = 0;
			knownRegions = (
				en,
				Base,
			);
			mainGroup = D0C66F782C634A160074D924;
			productRefGroup = D0C66F822C634A160074D924 /* Products */;
			projectDirPath = "";
			projectRoot = "";
			targets = (
				D0C66F802C634A160074D924 /* interactive-charts */,
				D0C66F912C634A180074D924 /* interactive-chartsTests */,
				D0C66F9B2C634A180074D924 /* interactive-chartsUITests */,
			);
		};
/* End PBXProject section */

/* Begin PBXResourcesBuildPhase section */
		D0C66F7F2C634A160074D924 /* Resources */ = {
			isa = PBXResourcesBuildPhase;
			buildActionMask = 2147483647;
			files = (
				D0C66F8D2C634A180074D924 /* Preview Assets.xcassets in Resources */,
				D0C66F892C634A180074D924 /* Assets.xcassets in Resources */,
			);
			runOnlyForDeploymentPostprocessing = 0;
		};
		D0C66F902C634A180074D924 /* Resources */ = {
			isa = PBXResourcesBuildPhase;
			buildActionMask = 2147483647;
			files = (
			);
			runOnlyForDeploymentPostprocessing = 0;
		};
		D0C66F9A2C634A180074D924 /* Resources */ = {
			isa = PBXResourcesBuildPhase;
			buildActionMask = 2147483647;
			files = (
			);
			runOnlyForDeploymentPostprocessing = 0;
		};
/* End PBXResourcesBuildPhase section */

/* Begin PBXSourcesBuildPhase section */
		D0C66F7D2C634A160074D924 /* Sources */ = {
			isa = PBXSourcesBuildPhase;
			buildActionMask = 2147483647;
			files = (
				D0C66F872C634A160074D924 /* ContentView.swift in Sources */,
				D0C66F852C634A160074D924 /* interactive_chartsApp.swift in Sources */,
			);
			runOnlyForDeploymentPostprocessing = 0;
		};
		D0C66F8E2C634A180074D924 /* Sources */ = {
			isa = PBXSourcesBuildPhase;
			buildActionMask = 2147483647;
			files = (
				D0C66F972C634A180074D924 /* interactive_chartsTests.swift in Sources */,
			);
			runOnlyForDeploymentPostprocessing = 0;
		};
		D0C66F982C634A180074D924 /* Sources */ = {
			isa = PBXSourcesBuildPhase;
			buildActionMask = 2147483647;
			files = (
				D0C66FA32C634A180074D924 /* interactive_chartsUITestsLaunchTests.swift in Sources */,
				D0C66FA12C634A180074D924 /* interactive_chartsUITests.swift in Sources */,
			);
			runOnlyForDeploymentPostprocessing = 0;
		};
/* End PBXSourcesBuildPhase section */

/* Begin PBXTargetDependency section */
		D0C66F942C634A180074D924 /* PBXTargetDependency */ = {
			isa = PBXTargetDependency;
			target = D0C66F802C634A160074D924 /* interactive-charts */;
			targetProxy = D0C66F932C634A180074D924 /* PBXContainerItemProxy */;
		};
		D0C66F9E2C634A180074D924 /* PBXTargetDependency */ = {
			isa = PBXTargetDependency;
			target = D0C66F802C634A160074D924 /* interactive-charts */;
			targetProxy = D0C66F9D2C634A180074D924 /* PBXContainerItemProxy */;
		};
/* End PBXTargetDependency section */

/* Begin XCBuildConfiguration section */
		D0C66FA42C634A180074D924 /* Debug */ = {
			isa = XCBuildConfiguration;
			buildSettings = {
				ALWAYS_SEARCH_USER_PATHS = NO;
				ASSETCATALOG_COMPILER_GENERATE_SWIFT_ASSET_SYMBOL_EXTENSIONS = YES;
				CLANG_ANALYZER_NONNULL = YES;
				CLANG_ANALYZER_NUMBER_OBJECT_CONVERSION = YES_AGGRESSIVE;
				CLANG_CXX_LANGUAGE_STANDARD = "gnu++20";
				CLANG_ENABLE_MODULES = YES;
				CLANG_ENABLE_OBJC_ARC = YES;
				CLANG_ENABLE_OBJC_WEAK = YES;
				CLANG_WARN_BLOCK_CAPTURE_AUTORELEASING = YES;
				CLANG_WARN_BOOL_CONVERSION = YES;
				CLANG_WARN_COMMA = YES;
				CLANG_WARN_CONSTANT_CONVERSION = YES;
				CLANG_WARN_DEPRECATED_OBJC_IMPLEMENTATIONS = YES;
				CLANG_WARN_DIRECT_OBJC_ISA_USAGE = YES_ERROR;
				CLANG_WARN_DOCUMENTATION_COMMENTS = YES;
				CLANG_WARN_EMPTY_BODY = YES;
				CLANG_WARN_ENUM_CONVERSION = YES;
				CLANG_WARN_INFINITE_RECURSION = YES;
				CLANG_WARN_INT_CONVERSION = YES;
				CLANG_WARN_NON_LITERAL_NULL_CONVERSION = YES;
				CLANG_WARN_OBJC_IMPLICIT_RETAIN_SELF = YES;
				CLANG_WARN_OBJC_LITERAL_CONVERSION = YES;
				CLANG_WARN_OBJC_ROOT_CLASS = YES_ERROR;
				CLANG_WARN_QUOTED_INCLUDE_IN_FRAMEWORK_HEADER = YES;
				CLANG_WARN_RANGE_LOOP_ANALYSIS = YES;
				CLANG_WARN_STRICT_PROTOTYPES = YES;
				CLANG_WARN_SUSPICIOUS_MOVE = YES;
				CLANG_WARN_UNGUARDED_AVAILABILITY = YES_AGGRESSIVE;
				CLANG_WARN_UNREACHABLE_CODE = YES;
				CLANG_WARN__DUPLICATE_METHOD_MATCH = YES;
				COPY_PHASE_STRIP = NO;
				DEBUG_INFORMATION_FORMAT = dwarf;
				ENABLE_STRICT_OBJC_MSGSEND = YES;
				ENABLE_TESTABILITY = YES;
				ENABLE_USER_SCRIPT_SANDBOXING = YES;
				GCC_C_LANGUAGE_STANDARD = gnu17;
				GCC_DYNAMIC_NO_PIC = NO;
				GCC_NO_COMMON_BLOCKS = YES;
				GCC_OPTIMIZATION_LEVEL = 0;
				GCC_PREPROCESSOR_DEFINITIONS = (
					"DEBUG=1",
					"$(inherited)",
				);
				GCC_WARN_64_TO_32_BIT_CONVERSION = YES;
				GCC_WARN_ABOUT_RETURN_TYPE = YES_ERROR;
				GCC_WARN_UNDECLARED_SELECTOR = YES;
				GCC_WARN_UNINITIALIZED_AUTOS = YES_AGGRESSIVE;
				GCC_WARN_UNUSED_FUNCTION = YES;
				GCC_WARN_UNUSED_VARIABLE = YES;
				LOCALIZATION_PREFERS_STRING_CATALOGS = YES;
				MTL_ENABLE_DEBUG_INFO = INCLUDE_SOURCE;
				MTL_FAST_MATH = YES;
				ONLY_ACTIVE_ARCH = YES;
				SWIFT_ACTIVE_COMPILATION_CONDITIONS = "DEBUG $(inherited)";
				SWIFT_OPTIMIZATION_LEVEL = "-Onone";
			};
			name = Debug;
		};
		D0C66FA52C634A180074D924 /* Release */ = {
			isa = XCBuildConfiguration;
			buildSettings = {
				ALWAYS_SEARCH_USER_PATHS = NO;
				ASSETCATALOG_COMPILER_GENERATE_SWIFT_ASSET_SYMBOL_EXTENSIONS = YES;
				CLANG_ANALYZER_NONNULL = YES;
				CLANG_ANALYZER_NUMBER_OBJECT_CONVERSION = YES_AGGRESSIVE;
				CLANG_CXX_LANGUAGE_STANDARD = "gnu++20";
				CLANG_ENABLE_MODULES = YES;
				CLANG_ENABLE_OBJC_ARC = YES;
				CLANG_ENABLE_OBJC_WEAK = YES;
				CLANG_WARN_BLOCK_CAPTURE_AUTORELEASING = YES;
				CLANG_WARN_BOOL_CONVERSION = YES;
				CLANG_WARN_COMMA = YES;
				CLANG_WARN_CONSTANT_CONVERSION = YES;
				CLANG_WARN_DEPRECATED_OBJC_IMPLEMENTATIONS = YES;
				CLANG_WARN_DIRECT_OBJC_ISA_USAGE = YES_ERROR;
				CLANG_WARN_DOCUMENTATION_COMMENTS = YES;
				CLANG_WARN_EMPTY_BODY = YES;
				CLANG_WARN_ENUM_CONVERSION = YES;
				CLANG_WARN_INFINITE_RECURSION = YES;
				CLANG_WARN_INT_CONVERSION = YES;
				CLANG_WARN_NON_LITERAL_NULL_CONVERSION = YES;
				CLANG_WARN_OBJC_IMPLICIT_RETAIN_SELF = YES;
				CLANG_WARN_OBJC_LITERAL_CONVERSION = YES;
				CLANG_WARN_OBJC_ROOT_CLASS = YES_ERROR;
				CLANG_WARN_QUOTED_INCLUDE_IN_FRAMEWORK_HEADER = YES;
				CLANG_WARN_RANGE_LOOP_ANALYSIS = YES;
				CLANG_WARN_STRICT_PROTOTYPES = YES;
				CLANG_WARN_SUSPICIOUS_MOVE = YES;
				CLANG_WARN_UNGUARDED_AVAILABILITY = YES_AGGRESSIVE;
				CLANG_WARN_UNREACHABLE_CODE = YES;
				CLANG_WARN__DUPLICATE_METHOD_MATCH = YES;
				COPY_PHASE_STRIP = NO;
				DEBUG_INFORMATION_FORMAT = "dwarf-with-dsym";
				ENABLE_NS_ASSERTIONS = NO;
				ENABLE_STRICT_OBJC_MSGSEND = YES;
				ENABLE_USER_SCRIPT_SANDBOXING = YES;
				GCC_C_LANGUAGE_STANDARD = gnu17;
				GCC_NO_COMMON_BLOCKS = YES;
				GCC_WARN_64_TO_32_BIT_CONVERSION = YES;
				GCC_WARN_ABOUT_RETURN_TYPE = YES_ERROR;
				GCC_WARN_UNDECLARED_SELECTOR = YES;
				GCC_WARN_UNINITIALIZED_AUTOS = YES_AGGRESSIVE;
				GCC_WARN_UNUSED_FUNCTION = YES;
				GCC_WARN_UNUSED_VARIABLE = YES;
				LOCALIZATION_PREFERS_STRING_CATALOGS = YES;
				MTL_ENABLE_DEBUG_INFO = NO;
				MTL_FAST_MATH = YES;
				SWIFT_COMPILATION_MODE = wholemodule;
			};
			name = Release;
		};
		D0C66FA72C634A180074D924 /* Debug */ = {
			isa = XCBuildConfiguration;
			buildSettings = {
				ASSETCATALOG_COMPILER_APPICON_NAME = AppIcon;
				ASSETCATALOG_COMPILER_GLOBAL_ACCENT_COLOR_NAME = AccentColor;
				CODE_SIGN_ENTITLEMENTS = "interactive-charts/interactive_charts.entitlements";
				CODE_SIGN_STYLE = Automatic;
				CURRENT_PROJECT_VERSION = 1;
				DEVELOPMENT_ASSET_PATHS = "\"interactive-charts/Preview Content\"";
				DEVELOPMENT_TEAM = UPCX9GY2XM;
				ENABLE_HARDENED_RUNTIME = YES;
				ENABLE_PREVIEWS = YES;
				GENERATE_INFOPLIST_FILE = YES;
				"INFOPLIST_KEY_UIApplicationSceneManifest_Generation[sdk=iphoneos*]" = YES;
				"INFOPLIST_KEY_UIApplicationSceneManifest_Generation[sdk=iphonesimulator*]" = YES;
				"INFOPLIST_KEY_UIApplicationSupportsIndirectInputEvents[sdk=iphoneos*]" = YES;
				"INFOPLIST_KEY_UIApplicationSupportsIndirectInputEvents[sdk=iphonesimulator*]" = YES;
				"INFOPLIST_KEY_UILaunchScreen_Generation[sdk=iphoneos*]" = YES;
				"INFOPLIST_KEY_UILaunchScreen_Generation[sdk=iphonesimulator*]" = YES;
				"INFOPLIST_KEY_UIStatusBarStyle[sdk=iphoneos*]" = UIStatusBarStyleDefault;
				"INFOPLIST_KEY_UIStatusBarStyle[sdk=iphonesimulator*]" = UIStatusBarStyleDefault;
				INFOPLIST_KEY_UISupportedInterfaceOrientations_iPad = "UIInterfaceOrientationPortrait UIInterfaceOrientationPortraitUpsideDown UIInterfaceOrientationLandscapeLeft UIInterfaceOrientationLandscapeRight";
				INFOPLIST_KEY_UISupportedInterfaceOrientations_iPhone = "UIInterfaceOrientationPortrait UIInterfaceOrientationLandscapeLeft UIInterfaceOrientationLandscapeRight";
				IPHONEOS_DEPLOYMENT_TARGET = 17.5;
				LD_RUNPATH_SEARCH_PATHS = "@executable_path/Frameworks";
				"LD_RUNPATH_SEARCH_PATHS[sdk=macosx*]" = "@executable_path/../Frameworks";
				MACOSX_DEPLOYMENT_TARGET = 14.3;
				MARKETING_VERSION = 1.0;
				PRODUCT_BUNDLE_IDENTIFIER = "dktecnology.interactive-charts";
				PRODUCT_NAME = "$(TARGET_NAME)";
				SDKROOT = auto;
				SUPPORTED_PLATFORMS = "iphoneos iphonesimulator macosx";
				SWIFT_EMIT_LOC_STRINGS = YES;
				SWIFT_VERSION = 5.0;
				TARGETED_DEVICE_FAMILY = "1,2";
			};
			name = Debug;
		};
		D0C66FA82C634A180074D924 /* Release */ = {
			isa = XCBuildConfiguration;
			buildSettings = {
				ASSETCATALOG_COMPILER_APPICON_NAME = AppIcon;
				ASSETCATALOG_COMPILER_GLOBAL_ACCENT_COLOR_NAME = AccentColor;
				CODE_SIGN_ENTITLEMENTS = "interactive-charts/interactive_charts.entitlements";
				CODE_SIGN_STYLE = Automatic;
				CURRENT_PROJECT_VERSION = 1;
				DEVELOPMENT_ASSET_PATHS = "\"interactive-charts/Preview Content\"";
				DEVELOPMENT_TEAM = UPCX9GY2XM;
				ENABLE_HARDENED_RUNTIME = YES;
				ENABLE_PREVIEWS = YES;
				GENERATE_INFOPLIST_FILE = YES;
				"INFOPLIST_KEY_UIApplicationSceneManifest_Generation[sdk=iphoneos*]" = YES;
				"INFOPLIST_KEY_UIApplicationSceneManifest_Generation[sdk=iphonesimulator*]" = YES;
				"INFOPLIST_KEY_UIApplicationSupportsIndirectInputEvents[sdk=iphoneos*]" = YES;
				"INFOPLIST_KEY_UIApplicationSupportsIndirectInputEvents[sdk=iphonesimulator*]" = YES;
				"INFOPLIST_KEY_UILaunchScreen_Generation[sdk=iphoneos*]" = YES;
				"INFOPLIST_KEY_UILaunchScreen_Generation[sdk=iphonesimulator*]" = YES;
				"INFOPLIST_KEY_UIStatusBarStyle[sdk=iphoneos*]" = UIStatusBarStyleDefault;
				"INFOPLIST_KEY_UIStatusBarStyle[sdk=iphonesimulator*]" = UIStatusBarStyleDefault;
				INFOPLIST_KEY_UISupportedInterfaceOrientations_iPad = "UIInterfaceOrientationPortrait UIInterfaceOrientationPortraitUpsideDown UIInterfaceOrientationLandscapeLeft UIInterfaceOrientationLandscapeRight";
				INFOPLIST_KEY_UISupportedInterfaceOrientations_iPhone = "UIInterfaceOrientationPortrait UIInterfaceOrientationLandscapeLeft UIInterfaceOrientationLandscapeRight";
				IPHONEOS_DEPLOYMENT_TARGET = 17.5;
				LD_RUNPATH_SEARCH_PATHS = "@executable_path/Frameworks";
				"LD_RUNPATH_SEARCH_PATHS[sdk=macosx*]" = "@executable_path/../Frameworks";
				MACOSX_DEPLOYMENT_TARGET = 14.3;
				MARKETING_VERSION = 1.0;
				PRODUCT_BUNDLE_IDENTIFIER = "dktecnology.interactive-charts";
				PRODUCT_NAME = "$(TARGET_NAME)";
				SDKROOT = auto;
				SUPPORTED_PLATFORMS = "iphoneos iphonesimulator macosx";
				SWIFT_EMIT_LOC_STRINGS = YES;
				SWIFT_VERSION = 5.0;
				TARGETED_DEVICE_FAMILY = "1,2";
			};
			name = Release;
		};
		D0C66FAA2C634A180074D924 /* Debug */ = {
			isa = XCBuildConfiguration;
			buildSettings = {
				ALWAYS_EMBED_SWIFT_STANDARD_LIBRARIES = YES;
				BUNDLE_LOADER = "$(TEST_HOST)";
				CODE_SIGN_STYLE = Automatic;
				CURRENT_PROJECT_VERSION = 1;
				DEVELOPMENT_TEAM = UPCX9GY2XM;
				GENERATE_INFOPLIST_FILE = YES;
				IPHONEOS_DEPLOYMENT_TARGET = 17.5;
				MACOSX_DEPLOYMENT_TARGET = 14.3;
				MARKETING_VERSION = 1.0;
				PRODUCT_BUNDLE_IDENTIFIER = "dktecnology.interactive-chartsTests";
				PRODUCT_NAME = "$(TARGET_NAME)";
				SDKROOT = auto;
				SUPPORTED_PLATFORMS = "iphoneos iphonesimulator macosx";
				SWIFT_EMIT_LOC_STRINGS = NO;
				SWIFT_VERSION = 5.0;
				TARGETED_DEVICE_FAMILY = "1,2";
				TEST_HOST = "$(BUILT_PRODUCTS_DIR)/interactive-charts.app/$(BUNDLE_EXECUTABLE_FOLDER_PATH)/interactive-charts";
			};
			name = Debug;
		};
		D0C66FAB2C634A180074D924 /* Release */ = {
			isa = XCBuildConfiguration;
			buildSettings = {
				ALWAYS_EMBED_SWIFT_STANDARD_LIBRARIES = YES;
				BUNDLE_LOADER = "$(TEST_HOST)";
				CODE_SIGN_STYLE = Automatic;
				CURRENT_PROJECT_VERSION = 1;
				DEVELOPMENT_TEAM = UPCX9GY2XM;
				GENERATE_INFOPLIST_FILE = YES;
				IPHONEOS_DEPLOYMENT_TARGET = 17.5;
				MACOSX_DEPLOYMENT_TARGET = 14.3;
				MARKETING_VERSION = 1.0;
				PRODUCT_BUNDLE_IDENTIFIER = "dktecnology.interactive-chartsTests";
				PRODUCT_NAME = "$(TARGET_NAME)";
				SDKROOT = auto;
				SUPPORTED_PLATFORMS = "iphoneos iphonesimulator macosx";
				SWIFT_EMIT_LOC_STRINGS = NO;
				SWIFT_VERSION = 5.0;
				TARGETED_DEVICE_FAMILY = "1,2";
				TEST_HOST = "$(BUILT_PRODUCTS_DIR)/interactive-charts.app/$(BUNDLE_EXECUTABLE_FOLDER_PATH)/interactive-charts";
			};
			name = Release;
		};
		D0C66FAD2C634A180074D924 /* Debug */ = {
			isa = XCBuildConfiguration;
			buildSettings = {
				ALWAYS_EMBED_SWIFT_STANDARD_LIBRARIES = YES;
				CODE_SIGN_STYLE = Automatic;
				CURRENT_PROJECT_VERSION = 1;
				DEVELOPMENT_TEAM = UPCX9GY2XM;
				GENERATE_INFOPLIST_FILE = YES;
				IPHONEOS_DEPLOYMENT_TARGET = 17.5;
				MACOSX_DEPLOYMENT_TARGET = 14.3;
				MARKETING_VERSION = 1.0;
				PRODUCT_BUNDLE_IDENTIFIER = "dktecnology.interactive-chartsUITests";
				PRODUCT_NAME = "$(TARGET_NAME)";
				SDKROOT = auto;
				SUPPORTED_PLATFORMS = "iphoneos iphonesimulator macosx";
				SWIFT_EMIT_LOC_STRINGS = NO;
				SWIFT_VERSION = 5.0;
				TARGETED_DEVICE_FAMILY = "1,2";
				TEST_TARGET_NAME = "interactive-charts";
			};
			name = Debug;
		};
		D0C66FAE2C634A180074D924 /* Release */ = {
			isa = XCBuildConfiguration;
			buildSettings = {
				ALWAYS_EMBED_SWIFT_STANDARD_LIBRARIES = YES;
				CODE_SIGN_STYLE = Automatic;
				CURRENT_PROJECT_VERSION = 1;
				DEVELOPMENT_TEAM = UPCX9GY2XM;
				GENERATE_INFOPLIST_FILE = YES;
				IPHONEOS_DEPLOYMENT_TARGET = 17.5;
				MACOSX_DEPLOYMENT_TARGET = 14.3;
				MARKETING_VERSION = 1.0;
				PRODUCT_BUNDLE_IDENTIFIER = "dktecnology.interactive-chartsUITests";
				PRODUCT_NAME = "$(TARGET_NAME)";
				SDKROOT = auto;
				SUPPORTED_PLATFORMS = "iphoneos iphonesimulator macosx";
				SWIFT_EMIT_LOC_STRINGS = NO;
				SWIFT_VERSION = 5.0;
				TARGETED_DEVICE_FAMILY = "1,2";
				TEST_TARGET_NAME = "interactive-charts";
			};
			name = Release;
		};
/* End XCBuildConfiguration section */

/* Begin XCConfigurationList section */
		D0C66F7C2C634A160074D924 /* Build configuration list for PBXProject "interactive-charts" */ = {
			isa = XCConfigurationList;
			buildConfigurations = (
				D0C66FA42C634A180074D924 /* Debug */,
				D0C66FA52C634A180074D924 /* Release */,
			);
			defaultConfigurationIsVisible = 0;
			defaultConfigurationName = Release;
		};
		D0C66FA62C634A180074D924 /* Build configuration list for PBXNativeTarget "interactive-charts" */ = {
			isa = XCConfigurationList;
			buildConfigurations = (
				D0C66FA72C634A180074D924 /* Debug */,
				D0C66FA82C634A180074D924 /* Release */,
			);
			defaultConfigurationIsVisible = 0;
			defaultConfigurationName = Release;
		};
		D0C66FA92C634A180074D924 /* Build configuration list for PBXNativeTarget "interactive-chartsTests" */ = {
			isa = XCConfigurationList;
			buildConfigurations = (
				D0C66FAA2C634A180074D924 /* Debug */,
				D0C66FAB2C634A180074D924 /* Release */,
			);
			defaultConfigurationIsVisible = 0;
			defaultConfigurationName = Release;
		};
		D0C66FAC2C634A180074D924 /* Build configuration list for PBXNativeTarget "interactive-chartsUITests" */ = {
			isa = XCConfigurationList;
			buildConfigurations = (
				D0C66FAD2C634A180074D924 /* Debug */,
				D0C66FAE2C634A180074D924 /* Release */,
			);
			defaultConfigurationIsVisible = 0;
			defaultConfigurationName = Release;
		};
/* End XCConfigurationList section */
	};
	rootObject = D0C66F792C634A160074D924 /* Project object */;
}
